
Microsoft Visual Studio Solution File, Format Version 12.00
# Visual Studio 15
VisualStudioVersion = 15.0.26510.0
MinimumVisualStudioVersion = 10.0.40219.1
Project("{FAE04EC0-301F-11D3-BF4B-00C04F79EFBC}") = "HowOldChomado", "HowOldChomado\HowOldChomado\HowOldChomado.csproj", "{B4ECF4CB-2FD3-41F5-90A0-90699AF937D2}"
EndProject
Project("{FAE04EC0-301F-11D3-BF4B-00C04F79EFBC}") = "HowOldChomado.Droid", "HowOldChomado\HowOldChomado.Droid\HowOldChomado.Droid.csproj", "{8B433815-F05E-435B-9609-30060E262AC0}"
EndProject
Project("{FAE04EC0-301F-11D3-BF4B-00C04F79EFBC}") = "HowOldChomado.iOS", "HowOldChomado\HowOldChomado.iOS\HowOldChomado.iOS.csproj", "{E4B960D2-799D-41D2-BAC0-FDF8064F7B8B}"
EndProject
Project("{FAE04EC0-301F-11D3-BF4B-00C04F79EFBC}") = "HowOldChomado.UWP", "HowOldChomado\HowOldChomado.UWP\HowOldChomado.UWP.csproj", "{3B182F90-34C0-451C-98E6-D58A0B967552}"
EndProject
Global
	GlobalSection(SolutionConfigurationPlatforms) = preSolution
		Ad-Hoc|Any CPU = Ad-Hoc|Any CPU
		Ad-Hoc|ARM = Ad-Hoc|ARM
		Ad-Hoc|iPhone = Ad-Hoc|iPhone
		Ad-Hoc|iPhoneSimulator = Ad-Hoc|iPhoneSimulator
		Ad-Hoc|x64 = Ad-Hoc|x64
		Ad-Hoc|x86 = Ad-Hoc|x86
		AppStore|Any CPU = AppStore|Any CPU
		AppStore|ARM = AppStore|ARM
		AppStore|iPhone = AppStore|iPhone
		AppStore|iPhoneSimulator = AppStore|iPhoneSimulator
		AppStore|x64 = AppStore|x64
		AppStore|x86 = AppStore|x86
		Debug|Any CPU = Debug|Any CPU
		Debug|ARM = Debug|ARM
		Debug|iPhone = Debug|iPhone
		Debug|iPhoneSimulator = Debug|iPhoneSimulator
		Debug|x64 = Debug|x64
		Debug|x86 = Debug|x86
		Release|Any CPU = Release|Any CPU
		Release|ARM = Release|ARM
		Release|iPhone = Release|iPhone
		Release|iPhoneSimulator = Release|iPhoneSimulator
		Release|x64 = Release|x64
		Release|x86 = Release|x86
	EndGlobalSection
	GlobalSection(ProjectConfigurationPlatforms) = postSolution
		{B4ECF4CB-2FD3-41F5-90A0-90699AF937D2}.Ad-Hoc|Any CPU.ActiveCfg = Release|Any CPU
		{B4ECF4CB-2FD3-41F5-90A0-90699AF937D2}.Ad-Hoc|Any CPU.Build.0 = Release|Any CPU
		{B4ECF4CB-2FD3-41F5-90A0-90699AF937D2}.Ad-Hoc|ARM.ActiveCfg = Release|Any CPU
		{B4ECF4CB-2FD3-41F5-90A0-90699AF937D2}.Ad-Hoc|ARM.Build.0 = Release|Any CPU
		{B4ECF4CB-2FD3-41F5-90A0-90699AF937D2}.Ad-Hoc|iPhone.ActiveCfg = Release|Any CPU
		{B4ECF4CB-2FD3-41F5-90A0-90699AF937D2}.Ad-Hoc|iPhone.Build.0 = Release|Any CPU
		{B4ECF4CB-2FD3-41F5-90A0-90699AF937D2}.Ad-Hoc|iPhoneSimulator.ActiveCfg = Release|Any CPU
		{B4ECF4CB-2FD3-41F5-90A0-90699AF937D2}.Ad-Hoc|iPhoneSimulator.Build.0 = Release|Any CPU
		{B4ECF4CB-2FD3-41F5-90A0-90699AF937D2}.Ad-Hoc|x64.ActiveCfg = Release|Any CPU
		{B4ECF4CB-2FD3-41F5-90A0-90699AF937D2}.Ad-Hoc|x64.Build.0 = Release|Any CPU
		{B4ECF4CB-2FD3-41F5-90A0-90699AF937D2}.Ad-Hoc|x86.ActiveCfg = Release|Any CPU
		{B4ECF4CB-2FD3-41F5-90A0-90699AF937D2}.Ad-Hoc|x86.Build.0 = Release|Any CPU
		{B4ECF4CB-2FD3-41F5-90A0-90699AF937D2}.AppStore|Any CPU.ActiveCfg = Release|Any CPU
		{B4ECF4CB-2FD3-41F5-90A0-90699AF937D2}.AppStore|Any CPU.Build.0 = Release|Any CPU
		{B4ECF4CB-2FD3-41F5-90A0-90699AF937D2}.AppStore|ARM.ActiveCfg = Release|Any CPU
		{B4ECF4CB-2FD3-41F5-90A0-90699AF937D2}.AppStore|ARM.Build.0 = Release|Any CPU
		{B4ECF4CB-2FD3-41F5-90A0-90699AF937D2}.AppStore|iPhone.ActiveCfg = Release|Any CPU
		{B4ECF4CB-2FD3-41F5-90A0-90699AF937D2}.AppStore|iPhone.Build.0 = Release|Any CPU
		{B4ECF4CB-2FD3-41F5-90A0-90699AF937D2}.AppStore|iPhoneSimulator.ActiveCfg = Release|Any CPU
		{B4ECF4CB-2FD3-41F5-90A0-90699AF937D2}.AppStore|iPhoneSimulator.Build.0 = Release|Any CPU
		{B4ECF4CB-2FD3-41F5-90A0-90699AF937D2}.AppStore|x64.ActiveCfg = Release|Any CPU
		{B4ECF4CB-2FD3-41F5-90A0-90699AF937D2}.AppStore|x64.Build.0 = Release|Any CPU
		{B4ECF4CB-2FD3-41F5-90A0-90699AF937D2}.AppStore|x86.ActiveCfg = Release|Any CPU
		{B4ECF4CB-2FD3-41F5-90A0-90699AF937D2}.AppStore|x86.Build.0 = Release|Any CPU
		{B4ECF4CB-2FD3-41F5-90A0-90699AF937D2}.Debug|Any CPU.ActiveCfg = Debug|Any CPU
		{B4ECF4CB-2FD3-41F5-90A0-90699AF937D2}.Debug|Any CPU.Build.0 = Debug|Any CPU
		{B4ECF4CB-2FD3-41F5-90A0-90699AF937D2}.Debug|ARM.ActiveCfg = Debug|Any CPU
		{B4ECF4CB-2FD3-41F5-90A0-90699AF937D2}.Debug|ARM.Build.0 = Debug|Any CPU
		{B4ECF4CB-2FD3-41F5-90A0-90699AF937D2}.Debug|iPhone.ActiveCfg = Debug|Any CPU
		{B4ECF4CB-2FD3-41F5-90A0-90699AF937D2}.Debug|iPhone.Build.0 = Debug|Any CPU
		{B4ECF4CB-2FD3-41F5-90A0-90699AF937D2}.Debug|iPhoneSimulator.ActiveCfg = Debug|Any CPU
		{B4ECF4CB-2FD3-41F5-90A0-90699AF937D2}.Debug|iPhoneSimulator.Build.0 = Debug|Any CPU
		{B4ECF4CB-2FD3-41F5-90A0-90699AF937D2}.Debug|x64.ActiveCfg = Debug|Any CPU
		{B4ECF4CB-2FD3-41F5-90A0-90699AF937D2}.Debug|x64.Build.0 = Debug|Any CPU
		{B4ECF4CB-2FD3-41F5-90A0-90699AF937D2}.Debug|x86.ActiveCfg = Debug|Any CPU
		{B4ECF4CB-2FD3-41F5-90A0-90699AF937D2}.Debug|x86.Build.0 = Debug|Any CPU
		{B4ECF4CB-2FD3-41F5-90A0-90699AF937D2}.Release|Any CPU.ActiveCfg = Release|Any CPU
		{B4ECF4CB-2FD3-41F5-90A0-90699AF937D2}.Release|Any CPU.Build.0 = Release|Any CPU
		{B4ECF4CB-2FD3-41F5-90A0-90699AF937D2}.Release|ARM.ActiveCfg = Release|Any CPU
		{B4ECF4CB-2FD3-41F5-90A0-90699AF937D2}.Release|ARM.Build.0 = Release|Any CPU
		{B4ECF4CB-2FD3-41F5-90A0-90699AF937D2}.Release|iPhone.ActiveCfg = Release|Any CPU
		{B4ECF4CB-2FD3-41F5-90A0-90699AF937D2}.Release|iPhone.Build.0 = Release|Any CPU
		{B4ECF4CB-2FD3-41F5-90A0-90699AF937D2}.Release|iPhoneSimulator.ActiveCfg = Release|Any CPU
		{B4ECF4CB-2FD3-41F5-90A0-90699AF937D2}.Release|iPhoneSimulator.Build.0 = Release|Any CPU
		{B4ECF4CB-2FD3-41F5-90A0-90699AF937D2}.Release|x64.ActiveCfg = Release|Any CPU
		{B4ECF4CB-2FD3-41F5-90A0-90699AF937D2}.Release|x64.Build.0 = Release|Any CPU
		{B4ECF4CB-2FD3-41F5-90A0-90699AF937D2}.Release|x86.ActiveCfg = Release|Any CPU
		{B4ECF4CB-2FD3-41F5-90A0-90699AF937D2}.Release|x86.Build.0 = Release|Any CPU
		{8B433815-F05E-435B-9609-30060E262AC0}.Ad-Hoc|Any CPU.ActiveCfg = Release|Any CPU
		{8B433815-F05E-435B-9609-30060E262AC0}.Ad-Hoc|Any CPU.Build.0 = Release|Any CPU
		{8B433815-F05E-435B-9609-30060E262AC0}.Ad-Hoc|Any CPU.Deploy.0 = Release|Any CPU
		{8B433815-F05E-435B-9609-30060E262AC0}.Ad-Hoc|ARM.ActiveCfg = Release|Any CPU
		{8B433815-F05E-435B-9609-30060E262AC0}.Ad-Hoc|ARM.Build.0 = Release|Any CPU
		{8B433815-F05E-435B-9609-30060E262AC0}.Ad-Hoc|ARM.Deploy.0 = Release|Any CPU
		{8B433815-F05E-435B-9609-30060E262AC0}.Ad-Hoc|iPhone.ActiveCfg = Release|Any CPU
		{8B433815-F05E-435B-9609-30060E262AC0}.Ad-Hoc|iPhone.Build.0 = Release|Any CPU
		{8B433815-F05E-435B-9609-30060E262AC0}.Ad-Hoc|iPhone.Deploy.0 = Release|Any CPU
		{8B433815-F05E-435B-9609-30060E262AC0}.Ad-Hoc|iPhoneSimulator.ActiveCfg = Release|Any CPU
		{8B433815-F05E-435B-9609-30060E262AC0}.Ad-Hoc|iPhoneSimulator.Build.0 = Release|Any CPU
		{8B433815-F05E-435B-9609-30060E262AC0}.Ad-Hoc|iPhoneSimulator.Deploy.0 = Release|Any CPU
		{8B433815-F05E-435B-9609-30060E262AC0}.Ad-Hoc|x64.ActiveCfg = Release|Any CPU
		{8B433815-F05E-435B-9609-30060E262AC0}.Ad-Hoc|x64.Build.0 = Release|Any CPU
		{8B433815-F05E-435B-9609-30060E262AC0}.Ad-Hoc|x64.Deploy.0 = Release|Any CPU
		{8B433815-F05E-435B-9609-30060E262AC0}.Ad-Hoc|x86.ActiveCfg = Release|Any CPU
		{8B433815-F05E-435B-9609-30060E262AC0}.Ad-Hoc|x86.Build.0 = Release|Any CPU
		{8B433815-F05E-435B-9609-30060E262AC0}.Ad-Hoc|x86.Deploy.0 = Release|Any CPU
		{8B433815-F05E-435B-9609-30060E262AC0}.AppStore|Any CPU.ActiveCfg = Release|Any CPU
		{8B433815-F05E-435B-9609-30060E262AC0}.AppStore|Any CPU.Build.0 = Release|Any CPU
		{8B433815-F05E-435B-9609-30060E262AC0}.AppStore|Any CPU.Deploy.0 = Release|Any CPU
		{8B433815-F05E-435B-9609-30060E262AC0}.AppStore|ARM.ActiveCfg = Release|Any CPU
		{8B433815-F05E-435B-9609-30060E262AC0}.AppStore|ARM.Build.0 = Release|Any CPU
		{8B433815-F05E-435B-9609-30060E262AC0}.AppStore|ARM.Deploy.0 = Release|Any CPU
		{8B433815-F05E-435B-9609-30060E262AC0}.AppStore|iPhone.ActiveCfg = Release|Any CPU
		{8B433815-F05E-435B-9609-30060E262AC0}.AppStore|iPhone.Build.0 = Release|Any CPU
		{8B433815-F05E-435B-9609-30060E262AC0}.AppStore|iPhone.Deploy.0 = Release|Any CPU
		{8B433815-F05E-435B-9609-30060E262AC0}.AppStore|iPhoneSimulator.ActiveCfg = Release|Any CPU
		{8B433815-F05E-435B-9609-30060E262AC0}.AppStore|iPhoneSimulator.Build.0 = Release|Any CPU
		{8B433815-F05E-435B-9609-30060E262AC0}.AppStore|iPhoneSimulator.Deploy.0 = Release|Any CPU
		{8B433815-F05E-435B-9609-30060E262AC0}.AppStore|x64.ActiveCfg = Release|Any CPU
		{8B433815-F05E-435B-9609-30060E262AC0}.AppStore|x64.Build.0 = Release|Any CPU
		{8B433815-F05E-435B-9609-30060E262AC0}.AppStore|x64.Deploy.0 = Release|Any CPU
		{8B433815-F05E-435B-9609-30060E262AC0}.AppStore|x86.ActiveCfg = Release|Any CPU
		{8B433815-F05E-435B-9609-30060E262AC0}.AppStore|x86.Build.0 = Release|Any CPU
		{8B433815-F05E-435B-9609-30060E262AC0}.AppStore|x86.Deploy.0 = Release|Any CPU
		{8B433815-F05E-435B-9609-30060E262AC0}.Debug|Any CPU.ActiveCfg = Debug|Any CPU
		{8B433815-F05E-435B-9609-30060E262AC0}.Debug|Any CPU.Build.0 = Debug|Any CPU
		{8B433815-F05E-435B-9609-30060E262AC0}.Debug|Any CPU.Deploy.0 = Debug|Any CPU
		{8B433815-F05E-435B-9609-30060E262AC0}.Debug|ARM.ActiveCfg = Debug|Any CPU
		{8B433815-F05E-435B-9609-30060E262AC0}.Debug|ARM.Build.0 = Debug|Any CPU
		{8B433815-F05E-435B-9609-30060E262AC0}.Debug|ARM.Deploy.0 = Debug|Any CPU
		{8B433815-F05E-435B-9609-30060E262AC0}.Debug|iPhone.ActiveCfg = Debug|Any CPU
		{8B433815-F05E-435B-9609-30060E262AC0}.Debug|iPhone.Build.0 = Debug|Any CPU
		{8B433815-F05E-435B-9609-30060E262AC0}.Debug|iPhone.Deploy.0 = Debug|Any CPU
		{8B433815-F05E-435B-9609-30060E262AC0}.Debug|iPhoneSimulator.ActiveCfg = Debug|Any CPU
		{8B433815-F05E-435B-9609-30060E262AC0}.Debug|iPhoneSimulator.Build.0 = Debug|Any CPU
		{8B433815-F05E-435B-9609-30060E262AC0}.Debug|iPhoneSimulator.Deploy.0 = Debug|Any CPU
		{8B433815-F05E-435B-9609-30060E262AC0}.Debug|x64.ActiveCfg = Debug|Any CPU
		{8B433815-F05E-435B-9609-30060E262AC0}.Debug|x64.Build.0 = Debug|Any CPU
		{8B433815-F05E-435B-9609-30060E262AC0}.Debug|x64.Deploy.0 = Debug|Any CPU
		{8B433815-F05E-435B-9609-30060E262AC0}.Debug|x86.ActiveCfg = Debug|Any CPU
		{8B433815-F05E-435B-9609-30060E262AC0}.Debug|x86.Build.0 = Debug|Any CPU
		{8B433815-F05E-435B-9609-30060E262AC0}.Debug|x86.Deploy.0 = Debug|Any CPU
		{8B433815-F05E-435B-9609-30060E262AC0}.Release|Any CPU.ActiveCfg = Release|Any CPU
		{8B433815-F05E-435B-9609-30060E262AC0}.Release|Any CPU.Build.0 = Release|Any CPU
		{8B433815-F05E-435B-9609-30060E262AC0}.Release|Any CPU.Deploy.0 = Release|Any CPU
		{8B433815-F05E-435B-9609-30060E262AC0}.Release|ARM.ActiveCfg = Release|Any CPU
		{8B433815-F05E-435B-9609-30060E262AC0}.Release|ARM.Build.0 = Release|Any CPU
		{8B433815-F05E-435B-9609-30060E262AC0}.Release|ARM.Deploy.0 = Release|Any CPU
		{8B433815-F05E-435B-9609-30060E262AC0}.Release|iPhone.ActiveCfg = Release|Any CPU
		{8B433815-F05E-435B-9609-30060E262AC0}.Release|iPhone.Build.0 = Release|Any CPU
		{8B433815-F05E-435B-9609-30060E262AC0}.Release|iPhone.Deploy.0 = Release|Any CPU
		{8B433815-F05E-435B-9609-30060E262AC0}.Release|iPhoneSimulator.ActiveCfg = Release|Any CPU
		{8B433815-F05E-435B-9609-30060E262AC0}.Release|iPhoneSimulator.Build.0 = Release|Any CPU
		{8B433815-F05E-435B-9609-30060E262AC0}.Release|iPhoneSimulator.Deploy.0 = Release|Any CPU
		{8B433815-F05E-435B-9609-30060E262AC0}.Release|x64.ActiveCfg = Release|Any CPU
		{8B433815-F05E-435B-9609-30060E262AC0}.Release|x64.Build.0 = Release|Any CPU
		{8B433815-F05E-435B-9609-30060E262AC0}.Release|x64.Deploy.0 = Release|Any CPU
		{8B433815-F05E-435B-9609-30060E262AC0}.Release|x86.ActiveCfg = Release|Any CPU
		{8B433815-F05E-435B-9609-30060E262AC0}.Release|x86.Build.0 = Release|Any CPU
		{8B433815-F05E-435B-9609-30060E262AC0}.Release|x86.Deploy.0 = Release|Any CPU
		{E4B960D2-799D-41D2-BAC0-FDF8064F7B8B}.Ad-Hoc|Any CPU.ActiveCfg = Ad-Hoc|iPhone
		{E4B960D2-799D-41D2-BAC0-FDF8064F7B8B}.Ad-Hoc|ARM.ActiveCfg = Ad-Hoc|iPhone
		{E4B960D2-799D-41D2-BAC0-FDF8064F7B8B}.Ad-Hoc|iPhone.ActiveCfg = Ad-Hoc|iPhone
		{E4B960D2-799D-41D2-BAC0-FDF8064F7B8B}.Ad-Hoc|iPhone.Build.0 = Ad-Hoc|iPhone
		{E4B960D2-799D-41D2-BAC0-FDF8064F7B8B}.Ad-Hoc|iPhoneSimulator.ActiveCfg = Ad-Hoc|iPhoneSimulator
		{E4B960D2-799D-41D2-BAC0-FDF8064F7B8B}.Ad-Hoc|iPhoneSimulator.Build.0 = Ad-Hoc|iPhoneSimulator
		{E4B960D2-799D-41D2-BAC0-FDF8064F7B8B}.Ad-Hoc|x64.ActiveCfg = Ad-Hoc|iPhone
		{E4B960D2-799D-41D2-BAC0-FDF8064F7B8B}.Ad-Hoc|x86.ActiveCfg = Ad-Hoc|iPhone
		{E4B960D2-799D-41D2-BAC0-FDF8064F7B8B}.AppStore|Any CPU.ActiveCfg = AppStore|iPhone
		{E4B960D2-799D-41D2-BAC0-FDF8064F7B8B}.AppStore|ARM.ActiveCfg = AppStore|iPhone
		{E4B960D2-799D-41D2-BAC0-FDF8064F7B8B}.AppStore|iPhone.ActiveCfg = AppStore|iPhone
		{E4B960D2-799D-41D2-BAC0-FDF8064F7B8B}.AppStore|iPhone.Build.0 = AppStore|iPhone
		{E4B960D2-799D-41D2-BAC0-FDF8064F7B8B}.AppStore|iPhoneSimulator.ActiveCfg = AppStore|iPhoneSimulator
		{E4B960D2-799D-41D2-BAC0-FDF8064F7B8B}.AppStore|iPhoneSimulator.Build.0 = AppStore|iPhoneSimulator
		{E4B960D2-799D-41D2-BAC0-FDF8064F7B8B}.AppStore|x64.ActiveCfg = AppStore|iPhone
		{E4B960D2-799D-41D2-BAC0-FDF8064F7B8B}.AppStore|x86.ActiveCfg = AppStore|iPhone
		{E4B960D2-799D-41D2-BAC0-FDF8064F7B8B}.Debug|Any CPU.ActiveCfg = Debug|iPhone
		{E4B960D2-799D-41D2-BAC0-FDF8064F7B8B}.Debug|ARM.ActiveCfg = Debug|iPhone
		{E4B960D2-799D-41D2-BAC0-FDF8064F7B8B}.Debug|iPhone.ActiveCfg = Debug|iPhone
		{E4B960D2-799D-41D2-BAC0-FDF8064F7B8B}.Debug|iPhone.Build.0 = Debug|iPhone
		{E4B960D2-799D-41D2-BAC0-FDF8064F7B8B}.Debug|iPhoneSimulator.ActiveCfg = Debug|iPhoneSimulator
		{E4B960D2-799D-41D2-BAC0-FDF8064F7B8B}.Debug|iPhoneSimulator.Build.0 = Debug|iPhoneSimulator
		{E4B960D2-799D-41D2-BAC0-FDF8064F7B8B}.Debug|x64.ActiveCfg = Debug|iPhone
		{E4B960D2-799D-41D2-BAC0-FDF8064F7B8B}.Debug|x86.ActiveCfg = Debug|iPhone
		{E4B960D2-799D-41D2-BAC0-FDF8064F7B8B}.Release|Any CPU.ActiveCfg = Release|iPhone
		{E4B960D2-799D-41D2-BAC0-FDF8064F7B8B}.Release|ARM.ActiveCfg = Release|iPhone
		{E4B960D2-799D-41D2-BAC0-FDF8064F7B8B}.Release|iPhone.ActiveCfg = Release|iPhone
		{E4B960D2-799D-41D2-BAC0-FDF8064F7B8B}.Release|iPhone.Build.0 = Release|iPhone
		{E4B960D2-799D-41D2-BAC0-FDF8064F7B8B}.Release|iPhoneSimulator.ActiveCfg = Release|iPhoneSimulator
		{E4B960D2-799D-41D2-BAC0-FDF8064F7B8B}.Release|iPhoneSimulator.Build.0 = Release|iPhoneSimulator
		{E4B960D2-799D-41D2-BAC0-FDF8064F7B8B}.Release|x64.ActiveCfg = Release|iPhone
		{E4B960D2-799D-41D2-BAC0-FDF8064F7B8B}.Release|x86.ActiveCfg = Release|iPhone
		{3B182F90-34C0-451C-98E6-D58A0B967552}.Ad-Hoc|Any CPU.ActiveCfg = Release|x86
		{3B182F90-34C0-451C-98E6-D58A0B967552}.Ad-Hoc|Any CPU.Build.0 = Release|x86
		{3B182F90-34C0-451C-98E6-D58A0B967552}.Ad-Hoc|Any CPU.Deploy.0 = Release|x86
		{3B182F90-34C0-451C-98E6-D58A0B967552}.Ad-Hoc|ARM.ActiveCfg = Release|ARM
		{3B182F90-34C0-451C-98E6-D58A0B967552}.Ad-Hoc|ARM.Build.0 = Release|ARM
		{3B182F90-34C0-451C-98E6-D58A0B967552}.Ad-Hoc|ARM.Deploy.0 = Release|ARM
		{3B182F90-34C0-451C-98E6-D58A0B967552}.Ad-Hoc|iPhone.ActiveCfg = Release|x86
		{3B182F90-34C0-451C-98E6-D58A0B967552}.Ad-Hoc|iPhone.Build.0 = Release|x86
		{3B182F90-34C0-451C-98E6-D58A0B967552}.Ad-Hoc|iPhone.Deploy.0 = Release|x86
		{3B182F90-34C0-451C-98E6-D58A0B967552}.Ad-Hoc|iPhoneSimulator.ActiveCfg = Release|x86
		{3B182F90-34C0-451C-98E6-D58A0B967552}.Ad-Hoc|iPhoneSimulator.Build.0 = Release|x86
		{3B182F90-34C0-451C-98E6-D58A0B967552}.Ad-Hoc|iPhoneSimulator.Deploy.0 = Release|x86
		{3B182F90-34C0-451C-98E6-D58A0B967552}.Ad-Hoc|x64.ActiveCfg = Release|x64
		{3B182F90-34C0-451C-98E6-D58A0B967552}.Ad-Hoc|x64.Build.0 = Release|x64
		{3B182F90-34C0-451C-98E6-D58A0B967552}.Ad-Hoc|x64.Deploy.0 = Release|x64
		{3B182F90-34C0-451C-98E6-D58A0B967552}.Ad-Hoc|x86.ActiveCfg = Release|x86
		{3B182F90-34C0-451C-98E6-D58A0B967552}.Ad-Hoc|x86.Build.0 = Release|x86
		{3B182F90-34C0-451C-98E6-D58A0B967552}.Ad-Hoc|x86.Deploy.0 = Release|x86
		{3B182F90-34C0-451C-98E6-D58A0B967552}.AppStore|Any CPU.ActiveCfg = Release|x86
		{3B182F90-34C0-451C-98E6-D58A0B967552}.AppStore|Any CPU.Build.0 = Release|x86
		{3B182F90-34C0-451C-98E6-D58A0B967552}.AppStore|Any CPU.Deploy.0 = Release|x86
		{3B182F90-34C0-451C-98E6-D58A0B967552}.AppStore|ARM.ActiveCfg = Release|ARM
		{3B182F90-34C0-451C-98E6-D58A0B967552}.AppStore|ARM.Build.0 = Release|ARM
		{3B182F90-34C0-451C-98E6-D58A0B967552}.AppStore|ARM.Deploy.0 = Release|ARM
		{3B182F90-34C0-451C-98E6-D58A0B967552}.AppStore|iPhone.ActiveCfg = Release|x86
		{3B182F90-34C0-451C-98E6-D58A0B967552}.AppStore|iPhone.Build.0 = Release|x86
		{3B182F90-34C0-451C-98E6-D58A0B967552}.AppStore|iPhone.Deploy.0 = Release|x86
		{3B182F90-34C0-451C-98E6-D58A0B967552}.AppStore|iPhoneSimulator.ActiveCfg = Release|x86
		{3B182F90-34C0-451C-98E6-D58A0B967552}.AppStore|iPhoneSimulator.Build.0 = Release|x86
		{3B182F90-34C0-451C-98E6-D58A0B967552}.AppStore|iPhoneSimulator.Deploy.0 = Release|x86
		{3B182F90-34C0-451C-98E6-D58A0B967552}.AppStore|x64.ActiveCfg = Release|x64
		{3B182F90-34C0-451C-98E6-D58A0B967552}.AppStore|x64.Build.0 = Release|x64
		{3B182F90-34C0-451C-98E6-D58A0B967552}.AppStore|x64.Deploy.0 = Release|x64
		{3B182F90-34C0-451C-98E6-D58A0B967552}.AppStore|x86.ActiveCfg = Release|x86
		{3B182F90-34C0-451C-98E6-D58A0B967552}.AppStore|x86.Build.0 = Release|x86
		{3B182F90-34C0-451C-98E6-D58A0B967552}.AppStore|x86.Deploy.0 = Release|x86
		{3B182F90-34C0-451C-98E6-D58A0B967552}.Debug|Any CPU.ActiveCfg = Debug|x86
		{3B182F90-34C0-451C-98E6-D58A0B967552}.Debug|Any CPU.Build.0 = Debug|x86
		{3B182F90-34C0-451C-98E6-D58A0B967552}.Debug|Any CPU.Deploy.0 = Debug|x86
		{3B182F90-34C0-451C-98E6-D58A0B967552}.Debug|ARM.ActiveCfg = Debug|ARM
		{3B182F90-34C0-451C-98E6-D58A0B967552}.Debug|ARM.Build.0 = Debug|ARM
		{3B182F90-34C0-451C-98E6-D58A0B967552}.Debug|ARM.Deploy.0 = Debug|ARM
		{3B182F90-34C0-451C-98E6-D58A0B967552}.Debug|iPhone.ActiveCfg = Debug|x86
		{3B182F90-34C0-451C-98E6-D58A0B967552}.Debug|iPhoneSimulator.ActiveCfg = Debug|x86
		{3B182F90-34C0-451C-98E6-D58A0B967552}.Debug|x64.ActiveCfg = Debug|x64
		{3B182F90-34C0-451C-98E6-D58A0B967552}.Debug|x64.Build.0 = Debug|x64
		{3B182F90-34C0-451C-98E6-D58A0B967552}.Debug|x64.Deploy.0 = Debug|x64
		{3B182F90-34C0-451C-98E6-D58A0B967552}.Debug|x86.ActiveCfg = Debug|x86
		{3B182F90-34C0-451C-98E6-D58A0B967552}.Debug|x86.Build.0 = Debug|x86
		{3B182F90-34C0-451C-98E6-D58A0B967552}.Debug|x86.Deploy.0 = Debug|x86
		{3B182F90-34C0-451C-98E6-D58A0B967552}.Release|Any CPU.ActiveCfg = Release|x86
		{3B182F90-34C0-451C-98E6-D58A0B967552}.Release|ARM.ActiveCfg = Release|ARM
		{3B182F90-34C0-451C-98E6-D58A0B967552}.Release|ARM.Build.0 = Release|ARM
		{3B182F90-34C0-451C-98E6-D58A0B967552}.Release|ARM.Deploy.0 = Release|ARM
		{3B182F90-34C0-451C-98E6-D58A0B967552}.Release|iPhone.ActiveCfg = Release|x86
		{3B182F90-34C0-451C-98E6-D58A0B967552}.Release|iPhoneSimulator.ActiveCfg = Release|x86
		{3B182F90-34C0-451C-98E6-D58A0B967552}.Release|x64.ActiveCfg = Release|x64
		{3B182F90-34C0-451C-98E6-D58A0B967552}.Release|x64.Build.0 = Release|x64
		{3B182F90-34C0-451C-98E6-D58A0B967552}.Release|x64.Deploy.0 = Release|x64
		{3B182F90-34C0-451C-98E6-D58A0B967552}.Release|x86.ActiveCfg = Release|x86
		{3B182F90-34C0-451C-98E6-D58A0B967552}.Release|x86.Build.0 = Release|x86
		{3B182F90-34C0-451C-98E6-D58A0B967552}.Release|x86.Deploy.0 = Release|x86
	EndGlobalSection
	GlobalSection(SolutionProperties) = preSolution
		HideSolutionNode = FALSE
	EndGlobalSection
EndGlobal
